
Microsoft Visual Studio Solution File, Format Version 12.00
# Visual Studio Version 17
VisualStudioVersion = 17.13.35825.156 d17.13
MinimumVisualStudioVersion = 10.0.40219.1
Project("{FAE04EC0-301F-11D3-BF4B-00C04F79EFBC}") = "server_codenames", "server_codenames.csproj", "{CA9B8FF2-A6E7-49DE-9C46-3F00BBB70561}"
EndProject
Global
	GlobalSection(SolutionConfigurationPlatforms) = preSolution
		Debug|Any CPU = Debug|Any CPU
		Release|Any CPU = Release|Any CPU
	EndGlobalSection
	GlobalSection(ProjectConfigurationPlatforms) = postSolution
		{CA9B8FF2-A6E7-49DE-9C46-3F00BBB70561}.Debug|Any CPU.ActiveCfg = Debug|Any CPU
		{CA9B8FF2-A6E7-49DE-9C46-3F00BBB70561}.Debug|Any CPU.Build.0 = Debug|Any CPU
		{CA9B8FF2-A6E7-49DE-9C46-3F00BBB70561}.Release|Any CPU.ActiveCfg = Release|Any CPU
		{CA9B8FF2-A6E7-49DE-9C46-3F00BBB70561}.Release|Any CPU.Build.0 = Release|Any CPU
	EndGlobalSection
	GlobalSection(SolutionProperties) = preSolution
		HideSolutionNode = FALSE
	EndGlobalSection
	GlobalSection(ExtensibilityGlobals) = postSolution
		SolutionGuid = {F54B23AE-B905-4009-A876-9FE99F94D6FC}
	EndGlobalSection
EndGlobal
